
Microsoft Visual Studio Solution File, Format Version 12.00
# Visual Studio Version 16
VisualStudioVersion = 16.0.32228.343
MinimumVisualStudioVersion = 10.0.40219.1
Project("{9A19103F-16F7-4668-BE54-9A1E7A4F7556}") = "Sample project", "Sample project\Sample project.csproj", "{3DFC48A4-69BD-4682-9386-6E1AD985FF3A}"
EndProject
Project("{FAE04EC0-301F-11D3-BF4B-00C04F79EFBC}") = "TestProject1", "TestProject1\TestProject1.csproj", "{3828A53A-108A-4D46-91F2-A9D0C42D9B8B}"
EndProject
Global
	GlobalSection(SolutionConfigurationPlatforms) = preSolution
		Debug|Any CPU = Debug|Any CPU
		Release|Any CPU = Release|Any CPU
	EndGlobalSection
	GlobalSection(ProjectConfigurationPlatforms) = postSolution
		{3DFC48A4-69BD-4682-9386-6E1AD985FF3A}.Debug|Any CPU.ActiveCfg = Debug|Any CPU
		{3DFC48A4-69BD-4682-9386-6E1AD985FF3A}.Debug|Any CPU.Build.0 = Debug|Any CPU
		{3DFC48A4-69BD-4682-9386-6E1AD985FF3A}.Release|Any CPU.ActiveCfg = Release|Any CPU
		{3DFC48A4-69BD-4682-9386-6E1AD985FF3A}.Release|Any CPU.Build.0 = Release|Any CPU
		{3828A53A-108A-4D46-91F2-A9D0C42D9B8B}.Debug|Any CPU.ActiveCfg = Debug|Any CPU
		{3828A53A-108A-4D46-91F2-A9D0C42D9B8B}.Debug|Any CPU.Build.0 = Debug|Any CPU
		{3828A53A-108A-4D46-91F2-A9D0C42D9B8B}.Release|Any CPU.ActiveCfg = Release|Any CPU
		{3828A53A-108A-4D46-91F2-A9D0C42D9B8B}.Release|Any CPU.Build.0 = Release|Any CPU
	EndGlobalSection
	GlobalSection(SolutionProperties) = preSolution
		HideSolutionNode = FALSE
	EndGlobalSection
	GlobalSection(ExtensibilityGlobals) = postSolution
		SolutionGuid = {FC8CD49A-E1FC-40BD-9767-B178CEFC8A1B}
	EndGlobalSection
EndGlobal
